
Microsoft Visual Studio Solution File, Format Version 12.00
# Visual Studio 2012
Project("{FAE04EC0-301F-11D3-BF4B-00C04F79EFBC}") = "chess106", "chess106\chess106.csproj", "{6D55CDA6-6B9D-4A24-B477-B7841135D23F}"
EndProject
Global
	GlobalSection(SolutionConfigurationPlatforms) = preSolution
		Debug|Any CPU = Debug|Any CPU
		Release|Any CPU = Release|Any CPU
	EndGlobalSection
	GlobalSection(ProjectConfigurationPlatforms) = postSolution
		{6D55CDA6-6B9D-4A24-B477-B7841135D23F}.Debug|Any CPU.ActiveCfg = Debug|Any CPU
		{6D55CDA6-6B9D-4A24-B477-B7841135D23F}.Debug|Any CPU.Build.0 = Debug|Any CPU
		{6D55CDA6-6B9D-4A24-B477-B7841135D23F}.Release|Any CPU.ActiveCfg = Release|Any CPU
		{6D55CDA6-6B9D-4A24-B477-B7841135D23F}.Release|Any CPU.Build.0 = Release|Any CPU
	EndGlobalSection
	GlobalSection(SolutionProperties) = preSolution
		HideSolutionNode = FALSE
	EndGlobalSection
EndGlobal
